
Microsoft Visual Studio Solution File, Format Version 12.00
# Visual Studio Version 17
VisualStudioVersion = 17.4.33213.308
MinimumVisualStudioVersion = 10.0.40219.1
Project("{9A19103F-16F7-4668-BE54-9A1E7A4F7556}") = "Meetup.Core", "Meetup.Core\Meetup.Core.csproj", "{D17B3BA3-E377-4E62-BFE0-05BB8BE7550B}"
EndProject
Project("{9A19103F-16F7-4668-BE54-9A1E7A4F7556}") = "Meetup.Data", "Meetup.Data\Meetup.Data.csproj", "{E20F71A3-2FDB-46DF-9FCE-AA8CDC52577F}"
EndProject
Project("{9A19103F-16F7-4668-BE54-9A1E7A4F7556}") = "Meetup.Api", "Meetup.Api\Meetup.Api.csproj", "{ED6538FB-1E3F-4CA8-AC8D-ABCBA93FC15D}"
EndProject
Project("{9A19103F-16F7-4668-BE54-9A1E7A4F7556}") = "Meetup.Services", "Meetup.Services\Meetup.Services.csproj", "{7C468512-A7FA-4129-A90C-012F297639BB}"
EndProject
Project("{E53339B2-1760-4266-BCC7-CA923CBCF16C}") = "docker-compose", "docker-compose.dcproj", "{D9ADC0D2-1579-4FF2-A63E-9CD5ACA03DE7}"
EndProject
Global
	GlobalSection(SolutionConfigurationPlatforms) = preSolution
		Debug|Any CPU = Debug|Any CPU
		Release|Any CPU = Release|Any CPU
	EndGlobalSection
	GlobalSection(ProjectConfigurationPlatforms) = postSolution
		{D17B3BA3-E377-4E62-BFE0-05BB8BE7550B}.Debug|Any CPU.ActiveCfg = Debug|Any CPU
		{D17B3BA3-E377-4E62-BFE0-05BB8BE7550B}.Debug|Any CPU.Build.0 = Debug|Any CPU
		{D17B3BA3-E377-4E62-BFE0-05BB8BE7550B}.Release|Any CPU.ActiveCfg = Release|Any CPU
		{D17B3BA3-E377-4E62-BFE0-05BB8BE7550B}.Release|Any CPU.Build.0 = Release|Any CPU
		{E20F71A3-2FDB-46DF-9FCE-AA8CDC52577F}.Debug|Any CPU.ActiveCfg = Debug|Any CPU
		{E20F71A3-2FDB-46DF-9FCE-AA8CDC52577F}.Debug|Any CPU.Build.0 = Debug|Any CPU
		{E20F71A3-2FDB-46DF-9FCE-AA8CDC52577F}.Release|Any CPU.ActiveCfg = Release|Any CPU
		{E20F71A3-2FDB-46DF-9FCE-AA8CDC52577F}.Release|Any CPU.Build.0 = Release|Any CPU
		{ED6538FB-1E3F-4CA8-AC8D-ABCBA93FC15D}.Debug|Any CPU.ActiveCfg = Debug|Any CPU
		{ED6538FB-1E3F-4CA8-AC8D-ABCBA93FC15D}.Debug|Any CPU.Build.0 = Debug|Any CPU
		{ED6538FB-1E3F-4CA8-AC8D-ABCBA93FC15D}.Release|Any CPU.ActiveCfg = Release|Any CPU
		{ED6538FB-1E3F-4CA8-AC8D-ABCBA93FC15D}.Release|Any CPU.Build.0 = Release|Any CPU
		{7C468512-A7FA-4129-A90C-012F297639BB}.Debug|Any CPU.ActiveCfg = Debug|Any CPU
		{7C468512-A7FA-4129-A90C-012F297639BB}.Debug|Any CPU.Build.0 = Debug|Any CPU
		{7C468512-A7FA-4129-A90C-012F297639BB}.Release|Any CPU.ActiveCfg = Release|Any CPU
		{7C468512-A7FA-4129-A90C-012F297639BB}.Release|Any CPU.Build.0 = Release|Any CPU
		{D9ADC0D2-1579-4FF2-A63E-9CD5ACA03DE7}.Debug|Any CPU.ActiveCfg = Debug|Any CPU
		{D9ADC0D2-1579-4FF2-A63E-9CD5ACA03DE7}.Debug|Any CPU.Build.0 = Debug|Any CPU
		{D9ADC0D2-1579-4FF2-A63E-9CD5ACA03DE7}.Release|Any CPU.ActiveCfg = Release|Any CPU
		{D9ADC0D2-1579-4FF2-A63E-9CD5ACA03DE7}.Release|Any CPU.Build.0 = Release|Any CPU
	EndGlobalSection
	GlobalSection(SolutionProperties) = preSolution
		HideSolutionNode = FALSE
	EndGlobalSection
	GlobalSection(ExtensibilityGlobals) = postSolution
		SolutionGuid = {533453B7-889D-4814-8CC7-4BF1C32727E2}
	EndGlobalSection
EndGlobal
